
Microsoft Visual Studio Solution File, Format Version 12.00
# Visual Studio Version 17
VisualStudioVersion = 17.0.31903.59
MinimumVisualStudioVersion = 10.0.40219.1
Project("{FAE04EC0-301F-11D3-BF4B-00C04F79EFBC}") = "CQRS.Core", "..\CQRS-ES\CQRS.Core\CQRS.Core.csproj", "{D461048D-329B-48C0-9310-912244FE8352}"
EndProject
Project("{2150E333-8FDC-42A3-9474-1A3956D46DE8}") = "Post.Cmd", "Post.Cmd", "{C47FB568-02C9-44E4-9402-F51C60AD0D7C}"
EndProject
Project("{FAE04EC0-301F-11D3-BF4B-00C04F79EFBC}") = "Post.Cmd.Api", "Post.Cmd\Post.cmd.Api\Post.Cmd.Api.csproj", "{78F6530C-2C3B-4245-8B89-8B7D0A06D2CA}"
EndProject
Project("{FAE04EC0-301F-11D3-BF4B-00C04F79EFBC}") = "Post.Cmd.Domain", "Post.Cmd\Post.cmd.Domain\Post.Cmd.Domain.csproj", "{E11F92EB-79E0-4D0C-BFE2-229685A7C731}"
EndProject
Project("{FAE04EC0-301F-11D3-BF4B-00C04F79EFBC}") = "Post.Cmd.Infrastructure", "Post.Cmd\Post.cmd.Infrastructure\Post.Cmd.Infrastructure.csproj", "{9B4A9E88-DBE4-4DB2-9AFE-7C5293CC1E82}"
EndProject
Project("{2150E333-8FDC-42A3-9474-1A3956D46DE8}") = "Post.Query", "Post.Query", "{307FBB7E-D4AC-4B36-9449-762B8A27F953}"
EndProject
Project("{FAE04EC0-301F-11D3-BF4B-00C04F79EFBC}") = "Post.Query.Infrastructure", "Post.Query\Post.Query.Infrastructure\Post.Query.Infrastructure.csproj", "{20AB4B01-4578-4397-B542-1EC2398880BF}"
EndProject
Project("{FAE04EC0-301F-11D3-BF4B-00C04F79EFBC}") = "Post.Query.Domain", "Post.Query\Post.Query.Domain\Post.Query.Domain.csproj", "{ACB6C19A-E14A-4F25-98A0-40057C70CCB8}"
EndProject
Project("{FAE04EC0-301F-11D3-BF4B-00C04F79EFBC}") = "Post.Query.Api", "Post.Query\Post.Query.Api\Post.Query.Api.csproj", "{901D532A-A83B-4FBD-AD1B-D168BDAD56B3}"
EndProject
Project("{FAE04EC0-301F-11D3-BF4B-00C04F79EFBC}") = "Post.Common", "Post.Common\Post.Common.csproj", "{56238E91-A7E7-4EC5-BD1A-E05A3A15ADCE}"
EndProject
Global
	GlobalSection(SolutionConfigurationPlatforms) = preSolution
		Debug|Any CPU = Debug|Any CPU
		Release|Any CPU = Release|Any CPU
	EndGlobalSection
	GlobalSection(SolutionProperties) = preSolution
		HideSolutionNode = FALSE
	EndGlobalSection
	GlobalSection(ProjectConfigurationPlatforms) = postSolution
		{D461048D-329B-48C0-9310-912244FE8352}.Debug|Any CPU.ActiveCfg = Debug|Any CPU
		{D461048D-329B-48C0-9310-912244FE8352}.Debug|Any CPU.Build.0 = Debug|Any CPU
		{D461048D-329B-48C0-9310-912244FE8352}.Release|Any CPU.ActiveCfg = Release|Any CPU
		{D461048D-329B-48C0-9310-912244FE8352}.Release|Any CPU.Build.0 = Release|Any CPU
		{78F6530C-2C3B-4245-8B89-8B7D0A06D2CA}.Debug|Any CPU.ActiveCfg = Debug|Any CPU
		{78F6530C-2C3B-4245-8B89-8B7D0A06D2CA}.Debug|Any CPU.Build.0 = Debug|Any CPU
		{78F6530C-2C3B-4245-8B89-8B7D0A06D2CA}.Release|Any CPU.ActiveCfg = Release|Any CPU
		{78F6530C-2C3B-4245-8B89-8B7D0A06D2CA}.Release|Any CPU.Build.0 = Release|Any CPU
		{E11F92EB-79E0-4D0C-BFE2-229685A7C731}.Debug|Any CPU.ActiveCfg = Debug|Any CPU
		{E11F92EB-79E0-4D0C-BFE2-229685A7C731}.Debug|Any CPU.Build.0 = Debug|Any CPU
		{E11F92EB-79E0-4D0C-BFE2-229685A7C731}.Release|Any CPU.ActiveCfg = Release|Any CPU
		{E11F92EB-79E0-4D0C-BFE2-229685A7C731}.Release|Any CPU.Build.0 = Release|Any CPU
		{9B4A9E88-DBE4-4DB2-9AFE-7C5293CC1E82}.Debug|Any CPU.ActiveCfg = Debug|Any CPU
		{9B4A9E88-DBE4-4DB2-9AFE-7C5293CC1E82}.Debug|Any CPU.Build.0 = Debug|Any CPU
		{9B4A9E88-DBE4-4DB2-9AFE-7C5293CC1E82}.Release|Any CPU.ActiveCfg = Release|Any CPU
		{9B4A9E88-DBE4-4DB2-9AFE-7C5293CC1E82}.Release|Any CPU.Build.0 = Release|Any CPU
		{20AB4B01-4578-4397-B542-1EC2398880BF}.Debug|Any CPU.ActiveCfg = Debug|Any CPU
		{20AB4B01-4578-4397-B542-1EC2398880BF}.Debug|Any CPU.Build.0 = Debug|Any CPU
		{20AB4B01-4578-4397-B542-1EC2398880BF}.Release|Any CPU.ActiveCfg = Release|Any CPU
		{20AB4B01-4578-4397-B542-1EC2398880BF}.Release|Any CPU.Build.0 = Release|Any CPU
		{ACB6C19A-E14A-4F25-98A0-40057C70CCB8}.Debug|Any CPU.ActiveCfg = Debug|Any CPU
		{ACB6C19A-E14A-4F25-98A0-40057C70CCB8}.Debug|Any CPU.Build.0 = Debug|Any CPU
		{ACB6C19A-E14A-4F25-98A0-40057C70CCB8}.Release|Any CPU.ActiveCfg = Release|Any CPU
		{ACB6C19A-E14A-4F25-98A0-40057C70CCB8}.Release|Any CPU.Build.0 = Release|Any CPU
		{901D532A-A83B-4FBD-AD1B-D168BDAD56B3}.Debug|Any CPU.ActiveCfg = Debug|Any CPU
		{901D532A-A83B-4FBD-AD1B-D168BDAD56B3}.Debug|Any CPU.Build.0 = Debug|Any CPU
		{901D532A-A83B-4FBD-AD1B-D168BDAD56B3}.Release|Any CPU.ActiveCfg = Release|Any CPU
		{901D532A-A83B-4FBD-AD1B-D168BDAD56B3}.Release|Any CPU.Build.0 = Release|Any CPU
		{56238E91-A7E7-4EC5-BD1A-E05A3A15ADCE}.Debug|Any CPU.ActiveCfg = Debug|Any CPU
		{56238E91-A7E7-4EC5-BD1A-E05A3A15ADCE}.Debug|Any CPU.Build.0 = Debug|Any CPU
		{56238E91-A7E7-4EC5-BD1A-E05A3A15ADCE}.Release|Any CPU.ActiveCfg = Release|Any CPU
		{56238E91-A7E7-4EC5-BD1A-E05A3A15ADCE}.Release|Any CPU.Build.0 = Release|Any CPU
	EndGlobalSection
	GlobalSection(NestedProjects) = preSolution
		{78F6530C-2C3B-4245-8B89-8B7D0A06D2CA} = {C47FB568-02C9-44E4-9402-F51C60AD0D7C}
		{E11F92EB-79E0-4D0C-BFE2-229685A7C731} = {C47FB568-02C9-44E4-9402-F51C60AD0D7C}
		{9B4A9E88-DBE4-4DB2-9AFE-7C5293CC1E82} = {C47FB568-02C9-44E4-9402-F51C60AD0D7C}
		{20AB4B01-4578-4397-B542-1EC2398880BF} = {307FBB7E-D4AC-4B36-9449-762B8A27F953}
		{ACB6C19A-E14A-4F25-98A0-40057C70CCB8} = {307FBB7E-D4AC-4B36-9449-762B8A27F953}
		{901D532A-A83B-4FBD-AD1B-D168BDAD56B3} = {307FBB7E-D4AC-4B36-9449-762B8A27F953}
	EndGlobalSection
EndGlobal
